
Microsoft Visual Studio Solution File, Format Version 12.00
# Visual Studio Version 16
VisualStudioVersion = 16.0.29728.190
MinimumVisualStudioVersion = 10.0.40219.1
Project("{FAE04EC0-301F-11D3-BF4B-00C04F79EFBC}") = "BinanceMarketMaker.WPF", "BinanceMarketMaker\BinanceMarketMaker.WPF.csproj", "{23ADE362-330F-4A24-B3D6-BD805206CDC0}"
EndProject
Project("{FAE04EC0-301F-11D3-BF4B-00C04F79EFBC}") = "BinanceMarketMaker.Models", "BinanceMarketMaker.Models\BinanceMarketMaker.Models.csproj", "{B3B28FFA-776C-4188-B9EA-052DA30341FE}"
EndProject
Project("{FAE04EC0-301F-11D3-BF4B-00C04F79EFBC}") = "BinanceMarketMaker.BusinessLogic", "BinanceMarketMaker.BusinessLogic\BinanceMarketMaker.BusinessLogic.csproj", "{F026A5C7-B06A-42F2-B50C-61C7D957092F}"
EndProject
Project("{FAE04EC0-301F-11D3-BF4B-00C04F79EFBC}") = "BinanceMarketMaker.Web", "BinanceMarketMaker.Web\BinanceMarketMaker.Web.csproj", "{05FCEA5D-49A1-469E-8874-8E6742A7DFF7}"
EndProject
Global
	GlobalSection(SolutionConfigurationPlatforms) = preSolution
		Debug|Any CPU = Debug|Any CPU
		Release|Any CPU = Release|Any CPU
	EndGlobalSection
	GlobalSection(ProjectConfigurationPlatforms) = postSolution
		{23ADE362-330F-4A24-B3D6-BD805206CDC0}.Debug|Any CPU.ActiveCfg = Debug|Any CPU
		{23ADE362-330F-4A24-B3D6-BD805206CDC0}.Debug|Any CPU.Build.0 = Debug|Any CPU
		{23ADE362-330F-4A24-B3D6-BD805206CDC0}.Release|Any CPU.ActiveCfg = Release|Any CPU
		{23ADE362-330F-4A24-B3D6-BD805206CDC0}.Release|Any CPU.Build.0 = Release|Any CPU
		{B3B28FFA-776C-4188-B9EA-052DA30341FE}.Debug|Any CPU.ActiveCfg = Debug|Any CPU
		{B3B28FFA-776C-4188-B9EA-052DA30341FE}.Debug|Any CPU.Build.0 = Debug|Any CPU
		{B3B28FFA-776C-4188-B9EA-052DA30341FE}.Release|Any CPU.ActiveCfg = Release|Any CPU
		{B3B28FFA-776C-4188-B9EA-052DA30341FE}.Release|Any CPU.Build.0 = Release|Any CPU
		{F026A5C7-B06A-42F2-B50C-61C7D957092F}.Debug|Any CPU.ActiveCfg = Debug|Any CPU
		{F026A5C7-B06A-42F2-B50C-61C7D957092F}.Debug|Any CPU.Build.0 = Debug|Any CPU
		{F026A5C7-B06A-42F2-B50C-61C7D957092F}.Release|Any CPU.ActiveCfg = Release|Any CPU
		{F026A5C7-B06A-42F2-B50C-61C7D957092F}.Release|Any CPU.Build.0 = Release|Any CPU
		{05FCEA5D-49A1-469E-8874-8E6742A7DFF7}.Debug|Any CPU.ActiveCfg = Debug|Any CPU
		{05FCEA5D-49A1-469E-8874-8E6742A7DFF7}.Debug|Any CPU.Build.0 = Debug|Any CPU
		{05FCEA5D-49A1-469E-8874-8E6742A7DFF7}.Release|Any CPU.ActiveCfg = Release|Any CPU
		{05FCEA5D-49A1-469E-8874-8E6742A7DFF7}.Release|Any CPU.Build.0 = Release|Any CPU
	EndGlobalSection
	GlobalSection(SolutionProperties) = preSolution
		HideSolutionNode = FALSE
	EndGlobalSection
	GlobalSection(ExtensibilityGlobals) = postSolution
		SolutionGuid = {00E101CB-FC14-4671-A88E-77104DD3967A}
	EndGlobalSection
EndGlobal
